
Microsoft Visual Studio Solution File, Format Version 12.00
# Visual Studio Version 17
VisualStudioVersion = 17.5.33516.290
MinimumVisualStudioVersion = 10.0.40219.1
Project("{FAE04EC0-301F-11D3-BF4B-00C04F79EFBC}") = "Darshit_Practicle1", "Darshit_Practicle1\Darshit_Practicle1.csproj", "{88B8D06C-D8B3-4701-A41C-AE5C4822EF5D}"
EndProject
Global
	GlobalSection(SolutionConfigurationPlatforms) = preSolution
		Debug|Any CPU = Debug|Any CPU
		Release|Any CPU = Release|Any CPU
	EndGlobalSection
	GlobalSection(ProjectConfigurationPlatforms) = postSolution
		{88B8D06C-D8B3-4701-A41C-AE5C4822EF5D}.Debug|Any CPU.ActiveCfg = Debug|Any CPU
		{88B8D06C-D8B3-4701-A41C-AE5C4822EF5D}.Debug|Any CPU.Build.0 = Debug|Any CPU
		{88B8D06C-D8B3-4701-A41C-AE5C4822EF5D}.Release|Any CPU.ActiveCfg = Release|Any CPU
		{88B8D06C-D8B3-4701-A41C-AE5C4822EF5D}.Release|Any CPU.Build.0 = Release|Any CPU
	EndGlobalSection
	GlobalSection(SolutionProperties) = preSolution
		HideSolutionNode = FALSE
	EndGlobalSection
	GlobalSection(ExtensibilityGlobals) = postSolution
		SolutionGuid = {A9485772-C969-4FE0-AAD9-DB1343F327E4}
	EndGlobalSection
EndGlobal
